// !$*UTF8*$!
{
	archiveVersion = 1;
	classes = {
	};
	objectVersion = 55;
	objects = {

/* Begin PBXBuildFile section */
		1D94CF1D299B9EFD00BEFDD0 /* Calls.swift in Sources */ = {isa = PBXBuildFile; fileRef = 1D94CF14299B9EFC00BEFDD0 /* Calls.swift */; };
		1D94CF1E299B9EFD00BEFDD0 /* EdgeInsets+Navigationbar.swift in Sources */ = {isa = PBXBuildFile; fileRef = 1D94CF15299B9EFC00BEFDD0 /* EdgeInsets+Navigationbar.swift */; };
		1D94CF1F299B9EFD00BEFDD0 /* Gradient.swift in Sources */ = {isa = PBXBuildFile; fileRef = 1D94CF16299B9EFC00BEFDD0 /* Gradient.swift */; };
		1D94CF20299B9EFD00BEFDD0 /* Swizzle.swift in Sources */ = {isa = PBXBuildFile; fileRef = 1D94CF17299B9EFC00BEFDD0 /* Swizzle.swift */; };
		1D94CF21299B9EFD00BEFDD0 /* TableViews.swift in Sources */ = {isa = PBXBuildFile; fileRef = 1D94CF18299B9EFC00BEFDD0 /* TableViews.swift */; };
		1D94CF22299B9EFD00BEFDD0 /* Navigation.swift in Sources */ = {isa = PBXBuildFile; fileRef = 1D94CF19299B9EFC00BEFDD0 /* Navigation.swift */; };
		1D94CF23299B9EFD00BEFDD0 /* CollectionViews.swift in Sources */ = {isa = PBXBuildFile; fileRef = 1D94CF1A299B9EFD00BEFDD0 /* CollectionViews.swift */; };
		1D94CF24299B9EFD00BEFDD0 /* Collections.swift in Sources */ = {isa = PBXBuildFile; fileRef = 1D94CF1B299B9EFD00BEFDD0 /* Collections.swift */; };
		1D94CF25299B9EFD00BEFDD0 /* UIView.swift in Sources */ = {isa = PBXBuildFile; fileRef = 1D94CF1C299B9EFD00BEFDD0 /* UIView.swift */; };
		1DFFC3BA299B923100F8FD2B /* AKHelpers.docc in Sources */ = {isa = PBXBuildFile; fileRef = 1DFFC3B9299B923100F8FD2B /* AKHelpers.docc */; };
		1DFFC3C0299B923200F8FD2B /* AKHelpers.framework in Frameworks */ = {isa = PBXBuildFile; fileRef = 1DFFC3B5299B923100F8FD2B /* AKHelpers.framework */; };
		1DFFC3C5299B923200F8FD2B /* AKHelpersTests.swift in Sources */ = {isa = PBXBuildFile; fileRef = 1DFFC3C4299B923200F8FD2B /* AKHelpersTests.swift */; };
		1DFFC3C6299B923200F8FD2B /* AKHelpers.h in Headers */ = {isa = PBXBuildFile; fileRef = 1DFFC3B8299B923100F8FD2B /* AKHelpers.h */; settings = {ATTRIBUTES = (Public, ); }; };
		3FB428E1D28CA9000AF54A38 /* Pods_AKHelpers_AKHelpersTests.framework in Frameworks */ = {isa = PBXBuildFile; fileRef = EA1456FE20AA6B10C56D3C85 /* Pods_AKHelpers_AKHelpersTests.framework */; };
		7359E2781DAE8AC99E75DAD9 /* Pods_AKHelpers.framework in Frameworks */ = {isa = PBXBuildFile; fileRef = 34231BF21A9377759019F4D4 /* Pods_AKHelpers.framework */; };
/* End PBXBuildFile section */

/* Begin PBXContainerItemProxy section */
		1DFFC3C1299B923200F8FD2B /* PBXContainerItemProxy */ = {
			isa = PBXContainerItemProxy;
			containerPortal = 1DFFC3AC299B923100F8FD2B /* Project object */;
			proxyType = 1;
			remoteGlobalIDString = 1DFFC3B4299B923100F8FD2B;
			remoteInfo = AKHelpers;
		};
/* End PBXContainerItemProxy section */

/* Begin PBXFileReference section */
		1D94CF14299B9EFC00BEFDD0 /* Calls.swift */ = {isa = PBXFileReference; fileEncoding = 4; lastKnownFileType = sourcecode.swift; path = Calls.swift; sourceTree = "<group>"; };
		1D94CF15299B9EFC00BEFDD0 /* EdgeInsets+Navigationbar.swift */ = {isa = PBXFileReference; fileEncoding = 4; lastKnownFileType = sourcecode.swift; path = "EdgeInsets+Navigationbar.swift"; sourceTree = "<group>"; };
		1D94CF16299B9EFC00BEFDD0 /* Gradient.swift */ = {isa = PBXFileReference; fileEncoding = 4; lastKnownFileType = sourcecode.swift; path = Gradient.swift; sourceTree = "<group>"; };
		1D94CF17299B9EFC00BEFDD0 /* Swizzle.swift */ = {isa = PBXFileReference; fileEncoding = 4; lastKnownFileType = sourcecode.swift; path = Swizzle.swift; sourceTree = "<group>"; };
		1D94CF18299B9EFC00BEFDD0 /* TableViews.swift */ = {isa = PBXFileReference; fileEncoding = 4; lastKnownFileType = sourcecode.swift; path = TableViews.swift; sourceTree = "<group>"; };
		1D94CF19299B9EFC00BEFDD0 /* Navigation.swift */ = {isa = PBXFileReference; fileEncoding = 4; lastKnownFileType = sourcecode.swift; path = Navigation.swift; sourceTree = "<group>"; };
		1D94CF1A299B9EFD00BEFDD0 /* CollectionViews.swift */ = {isa = PBXFileReference; fileEncoding = 4; lastKnownFileType = sourcecode.swift; path = CollectionViews.swift; sourceTree = "<group>"; };
		1D94CF1B299B9EFD00BEFDD0 /* Collections.swift */ = {isa = PBXFileReference; fileEncoding = 4; lastKnownFileType = sourcecode.swift; path = Collections.swift; sourceTree = "<group>"; };
		1D94CF1C299B9EFD00BEFDD0 /* UIView.swift */ = {isa = PBXFileReference; fileEncoding = 4; lastKnownFileType = sourcecode.swift; path = UIView.swift; sourceTree = "<group>"; };
		1DFFC3B5299B923100F8FD2B /* AKHelpers.framework */ = {isa = PBXFileReference; explicitFileType = wrapper.framework; includeInIndex = 0; path = AKHelpers.framework; sourceTree = BUILT_PRODUCTS_DIR; };
		1DFFC3B8299B923100F8FD2B /* AKHelpers.h */ = {isa = PBXFileReference; lastKnownFileType = sourcecode.c.h; path = AKHelpers.h; sourceTree = "<group>"; };
		1DFFC3B9299B923100F8FD2B /* AKHelpers.docc */ = {isa = PBXFileReference; lastKnownFileType = folder.documentationcatalog; path = AKHelpers.docc; sourceTree = "<group>"; };
		1DFFC3BF299B923200F8FD2B /* AKHelpersTests.xctest */ = {isa = PBXFileReference; explicitFileType = wrapper.cfbundle; includeInIndex = 0; path = AKHelpersTests.xctest; sourceTree = BUILT_PRODUCTS_DIR; };
		1DFFC3C4299B923200F8FD2B /* AKHelpersTests.swift */ = {isa = PBXFileReference; lastKnownFileType = sourcecode.swift; path = AKHelpersTests.swift; sourceTree = "<group>"; };
		22D5C25B3C6254598B655E7F /* Pods-AKHelpers.debug.xcconfig */ = {isa = PBXFileReference; includeInIndex = 1; lastKnownFileType = text.xcconfig; name = "Pods-AKHelpers.debug.xcconfig"; path = "Target Support Files/Pods-AKHelpers/Pods-AKHelpers.debug.xcconfig"; sourceTree = "<group>"; };
		34231BF21A9377759019F4D4 /* Pods_AKHelpers.framework */ = {isa = PBXFileReference; explicitFileType = wrapper.framework; includeInIndex = 0; path = Pods_AKHelpers.framework; sourceTree = BUILT_PRODUCTS_DIR; };
		4C4A26C1B73B979A3175B145 /* Pods-AKHelpers-AKHelpersTests.release.xcconfig */ = {isa = PBXFileReference; includeInIndex = 1; lastKnownFileType = text.xcconfig; name = "Pods-AKHelpers-AKHelpersTests.release.xcconfig"; path = "Target Support Files/Pods-AKHelpers-AKHelpersTests/Pods-AKHelpers-AKHelpersTests.release.xcconfig"; sourceTree = "<group>"; };
		5CFF84F8A1DC76B3939105F8 /* Pods-AKHelpers.release.xcconfig */ = {isa = PBXFileReference; includeInIndex = 1; lastKnownFileType = text.xcconfig; name = "Pods-AKHelpers.release.xcconfig"; path = "Target Support Files/Pods-AKHelpers/Pods-AKHelpers.release.xcconfig"; sourceTree = "<group>"; };
		C3553BCCF8FD7CB7C1072F3B /* Pods-AKHelpers-AKHelpersTests.debug.xcconfig */ = {isa = PBXFileReference; includeInIndex = 1; lastKnownFileType = text.xcconfig; name = "Pods-AKHelpers-AKHelpersTests.debug.xcconfig"; path = "Target Support Files/Pods-AKHelpers-AKHelpersTests/Pods-AKHelpers-AKHelpersTests.debug.xcconfig"; sourceTree = "<group>"; };
		EA1456FE20AA6B10C56D3C85 /* Pods_AKHelpers_AKHelpersTests.framework */ = {isa = PBXFileReference; explicitFileType = wrapper.framework; includeInIndex = 0; path = Pods_AKHelpers_AKHelpersTests.framework; sourceTree = BUILT_PRODUCTS_DIR; };
/* End PBXFileReference section */

/* Begin PBXFrameworksBuildPhase section */
		1DFFC3B2299B923100F8FD2B /* Frameworks */ = {
			isa = PBXFrameworksBuildPhase;
			buildActionMask = 2147483647;
			files = (
				7359E2781DAE8AC99E75DAD9 /* Pods_AKHelpers.framework in Frameworks */,
			);
			runOnlyForDeploymentPostprocessing = 0;
		};
		1DFFC3BC299B923200F8FD2B /* Frameworks */ = {
			isa = PBXFrameworksBuildPhase;
			buildActionMask = 2147483647;
			files = (
				1DFFC3C0299B923200F8FD2B /* AKHelpers.framework in Frameworks */,
				3FB428E1D28CA9000AF54A38 /* Pods_AKHelpers_AKHelpersTests.framework in Frameworks */,
			);
			runOnlyForDeploymentPostprocessing = 0;
		};
/* End PBXFrameworksBuildPhase section */

/* Begin PBXGroup section */
		1582F05766C194A3C30AD5E6 /* Frameworks */ = {
			isa = PBXGroup;
			children = (
				34231BF21A9377759019F4D4 /* Pods_AKHelpers.framework */,
				EA1456FE20AA6B10C56D3C85 /* Pods_AKHelpers_AKHelpersTests.framework */,
			);
			name = Frameworks;
			sourceTree = "<group>";
		};
		1DFFC3AB299B923100F8FD2B = {
			isa = PBXGroup;
			children = (
				1DFFC3D0299B92A500F8FD2B /* Sources */,
				1DFFC3CF299B929A00F8FD2B /* Tests */,
				1DFFC3B6299B923100F8FD2B /* Products */,
				7BCDE2B8AA200737A1E93123 /* Pods */,
				1582F05766C194A3C30AD5E6 /* Frameworks */,
			);
			sourceTree = "<group>";
		};
		1DFFC3B6299B923100F8FD2B /* Products */ = {
			isa = PBXGroup;
			children = (
				1DFFC3B5299B923100F8FD2B /* AKHelpers.framework */,
				1DFFC3BF299B923200F8FD2B /* AKHelpersTests.xctest */,
			);
			name = Products;
			sourceTree = "<group>";
		};
		1DFFC3B7299B923100F8FD2B /* AKHelpers */ = {
			isa = PBXGroup;
			children = (
				1D94CF14299B9EFC00BEFDD0 /* Calls.swift */,
				1D94CF1B299B9EFD00BEFDD0 /* Collections.swift */,
				1D94CF1A299B9EFD00BEFDD0 /* CollectionViews.swift */,
				1D94CF15299B9EFC00BEFDD0 /* EdgeInsets+Navigationbar.swift */,
				1D94CF16299B9EFC00BEFDD0 /* Gradient.swift */,
				1D94CF19299B9EFC00BEFDD0 /* Navigation.swift */,
				1D94CF17299B9EFC00BEFDD0 /* Swizzle.swift */,
				1D94CF18299B9EFC00BEFDD0 /* TableViews.swift */,
				1D94CF1C299B9EFD00BEFDD0 /* UIView.swift */,
			);
			path = AKHelpers;
			sourceTree = "<group>";
		};
		1DFFC3C3299B923200F8FD2B /* AKHelpersTests */ = {
			isa = PBXGroup;
			children = (
				1DFFC3C4299B923200F8FD2B /* AKHelpersTests.swift */,
			);
			path = AKHelpersTests;
			sourceTree = "<group>";
		};
		1DFFC3CF299B929A00F8FD2B /* Tests */ = {
			isa = PBXGroup;
			children = (
				1DFFC3C3299B923200F8FD2B /* AKHelpersTests */,
			);
			path = Tests;
			sourceTree = "<group>";
		};
		1DFFC3D0299B92A500F8FD2B /* Sources */ = {
			isa = PBXGroup;
			children = (
				1DFFC3B7299B923100F8FD2B /* AKHelpers */,
				1DFFC3B8299B923100F8FD2B /* AKHelpers.h */,
				1DFFC3B9299B923100F8FD2B /* AKHelpers.docc */,
			);
			path = Sources;
			sourceTree = "<group>";
		};
		7BCDE2B8AA200737A1E93123 /* Pods */ = {
			isa = PBXGroup;
			children = (
				22D5C25B3C6254598B655E7F /* Pods-AKHelpers.debug.xcconfig */,
				5CFF84F8A1DC76B3939105F8 /* Pods-AKHelpers.release.xcconfig */,
				C3553BCCF8FD7CB7C1072F3B /* Pods-AKHelpers-AKHelpersTests.debug.xcconfig */,
				4C4A26C1B73B979A3175B145 /* Pods-AKHelpers-AKHelpersTests.release.xcconfig */,
			);
			path = Pods;
			sourceTree = "<group>";
		};
/* End PBXGroup section */

/* Begin PBXHeadersBuildPhase section */
		1DFFC3B0299B923100F8FD2B /* Headers */ = {
			isa = PBXHeadersBuildPhase;
			buildActionMask = 2147483647;
			files = (
				1DFFC3C6299B923200F8FD2B /* AKHelpers.h in Headers */,
			);
			runOnlyForDeploymentPostprocessing = 0;
		};
/* End PBXHeadersBuildPhase section */

/* Begin PBXNativeTarget section */
		1DFFC3B4299B923100F8FD2B /* AKHelpers */ = {
			isa = PBXNativeTarget;
			buildConfigurationList = 1DFFC3C9299B923200F8FD2B /* Build configuration list for PBXNativeTarget "AKHelpers" */;
			buildPhases = (
				A1709DA1695470AED9069F2A /* [CP] Check Pods Manifest.lock */,
				1DFFC3B0299B923100F8FD2B /* Headers */,
				1DFFC3B1299B923100F8FD2B /* Sources */,
				1DFFC3B2299B923100F8FD2B /* Frameworks */,
				1DFFC3B3299B923100F8FD2B /* Resources */,
			);
			buildRules = (
			);
			dependencies = (
			);
			name = AKHelpers;
			productName = AKHelpers;
			productReference = 1DFFC3B5299B923100F8FD2B /* AKHelpers.framework */;
			productType = "com.apple.product-type.framework";
		};
		1DFFC3BE299B923200F8FD2B /* AKHelpersTests */ = {
			isa = PBXNativeTarget;
			buildConfigurationList = 1DFFC3CC299B923200F8FD2B /* Build configuration list for PBXNativeTarget "AKHelpersTests" */;
			buildPhases = (
				AECC872D1CC381B779DBFF7A /* [CP] Check Pods Manifest.lock */,
				1DFFC3BB299B923200F8FD2B /* Sources */,
				1DFFC3BC299B923200F8FD2B /* Frameworks */,
				1DFFC3BD299B923200F8FD2B /* Resources */,
			);
			buildRules = (
			);
			dependencies = (
				1DFFC3C2299B923200F8FD2B /* PBXTargetDependency */,
			);
			name = AKHelpersTests;
			productName = AKHelpersTests;
			productReference = 1DFFC3BF299B923200F8FD2B /* AKHelpersTests.xctest */;
			productType = "com.apple.product-type.bundle.unit-test";
		};
/* End PBXNativeTarget section */

/* Begin PBXProject section */
		1DFFC3AC299B923100F8FD2B /* Project object */ = {
			isa = PBXProject;
			attributes = {
				BuildIndependentTargetsInParallel = 1;
				LastSwiftUpdateCheck = 1340;
				LastUpgradeCheck = 1340;
				TargetAttributes = {
					1DFFC3B4299B923100F8FD2B = {
						CreatedOnToolsVersion = 13.4.1;
					};
					1DFFC3BE299B923200F8FD2B = {
						CreatedOnToolsVersion = 13.4.1;
					};
				};
			};
			buildConfigurationList = 1DFFC3AF299B923100F8FD2B /* Build configuration list for PBXProject "AKHelpers" */;
			compatibilityVersion = "Xcode 13.0";
			developmentRegion = en;
			hasScannedForEncodings = 0;
			knownRegions = (
				en,
				Base,
			);
			mainGroup = 1DFFC3AB299B923100F8FD2B;
			productRefGroup = 1DFFC3B6299B923100F8FD2B /* Products */;
			projectDirPath = "";
			projectRoot = "";
			targets = (
				1DFFC3B4299B923100F8FD2B /* AKHelpers */,
				1DFFC3BE299B923200F8FD2B /* AKHelpersTests */,
			);
		};
/* End PBXProject section */

/* Begin PBXResourcesBuildPhase section */
		1DFFC3B3299B923100F8FD2B /* Resources */ = {
			isa = PBXResourcesBuildPhase;
			buildActionMask = 2147483647;
			files = (
			);
			runOnlyForDeploymentPostprocessing = 0;
		};
		1DFFC3BD299B923200F8FD2B /* Resources */ = {
			isa = PBXResourcesBuildPhase;
			buildActionMask = 2147483647;
			files = (
			);
			runOnlyForDeploymentPostprocessing = 0;
		};
/* End PBXResourcesBuildPhase section */

/* Begin PBXShellScriptBuildPhase section */
		A1709DA1695470AED9069F2A /* [CP] Check Pods Manifest.lock */ = {
			isa = PBXShellScriptBuildPhase;
			buildActionMask = 2147483647;
			files = (
			);
			inputFileListPaths = (
			);
			inputPaths = (
				"${PODS_PODFILE_DIR_PATH}/Podfile.lock",
				"${PODS_ROOT}/Manifest.lock",
			);
			name = "[CP] Check Pods Manifest.lock";
			outputFileListPaths = (
			);
			outputPaths = (
				"$(DERIVED_FILE_DIR)/Pods-AKHelpers-checkManifestLockResult.txt",
			);
			runOnlyForDeploymentPostprocessing = 0;
			shellPath = /bin/sh;
			shellScript = "diff \"${PODS_PODFILE_DIR_PATH}/Podfile.lock\" \"${PODS_ROOT}/Manifest.lock\" > /dev/null\nif [ $? != 0 ] ; then\n    # print error to STDERR\n    echo \"error: The sandbox is not in sync with the Podfile.lock. Run 'pod install' or update your CocoaPods installation.\" >&2\n    exit 1\nfi\n# This output is used by Xcode 'outputs' to avoid re-running this script phase.\necho \"SUCCESS\" > \"${SCRIPT_OUTPUT_FILE_0}\"\n";
			showEnvVarsInLog = 0;
		};
		AECC872D1CC381B779DBFF7A /* [CP] Check Pods Manifest.lock */ = {
			isa = PBXShellScriptBuildPhase;
			buildActionMask = 2147483647;
			files = (
			);
			inputFileListPaths = (
			);
			inputPaths = (
				"${PODS_PODFILE_DIR_PATH}/Podfile.lock",
				"${PODS_ROOT}/Manifest.lock",
			);
			name = "[CP] Check Pods Manifest.lock";
			outputFileListPaths = (
			);
			outputPaths = (
				"$(DERIVED_FILE_DIR)/Pods-AKHelpers-AKHelpersTests-checkManifestLockResult.txt",
			);
			runOnlyForDeploymentPostprocessing = 0;
			shellPath = /bin/sh;
			shellScript = "diff \"${PODS_PODFILE_DIR_PATH}/Podfile.lock\" \"${PODS_ROOT}/Manifest.lock\" > /dev/null\nif [ $? != 0 ] ; then\n    # print error to STDERR\n    echo \"error: The sandbox is not in sync with the Podfile.lock. Run 'pod install' or update your CocoaPods installation.\" >&2\n    exit 1\nfi\n# This output is used by Xcode 'outputs' to avoid re-running this script phase.\necho \"SUCCESS\" > \"${SCRIPT_OUTPUT_FILE_0}\"\n";
			showEnvVarsInLog = 0;
		};
/* End PBXShellScriptBuildPhase section */

/* Begin PBXSourcesBuildPhase section */
		1DFFC3B1299B923100F8FD2B /* Sources */ = {
			isa = PBXSourcesBuildPhase;
			buildActionMask = 2147483647;
			files = (
				1D94CF25299B9EFD00BEFDD0 /* UIView.swift in Sources */,
				1D94CF1E299B9EFD00BEFDD0 /* EdgeInsets+Navigationbar.swift in Sources */,
				1D94CF21299B9EFD00BEFDD0 /* TableViews.swift in Sources */,
				1D94CF23299B9EFD00BEFDD0 /* CollectionViews.swift in Sources */,
				1D94CF22299B9EFD00BEFDD0 /* Navigation.swift in Sources */,
				1DFFC3BA299B923100F8FD2B /* AKHelpers.docc in Sources */,
				1D94CF20299B9EFD00BEFDD0 /* Swizzle.swift in Sources */,
				1D94CF24299B9EFD00BEFDD0 /* Collections.swift in Sources */,
				1D94CF1D299B9EFD00BEFDD0 /* Calls.swift in Sources */,
				1D94CF1F299B9EFD00BEFDD0 /* Gradient.swift in Sources */,
			);
			runOnlyForDeploymentPostprocessing = 0;
		};
		1DFFC3BB299B923200F8FD2B /* Sources */ = {
			isa = PBXSourcesBuildPhase;
			buildActionMask = 2147483647;
			files = (
				1DFFC3C5299B923200F8FD2B /* AKHelpersTests.swift in Sources */,
			);
			runOnlyForDeploymentPostprocessing = 0;
		};
/* End PBXSourcesBuildPhase section */

/* Begin PBXTargetDependency section */
		1DFFC3C2299B923200F8FD2B /* PBXTargetDependency */ = {
			isa = PBXTargetDependency;
			target = 1DFFC3B4299B923100F8FD2B /* AKHelpers */;
			targetProxy = 1DFFC3C1299B923200F8FD2B /* PBXContainerItemProxy */;
		};
/* End PBXTargetDependency section */

/* Begin XCBuildConfiguration section */
		1DFFC3C7299B923200F8FD2B /* Debug */ = {
			isa = XCBuildConfiguration;
			buildSettings = {
				ALWAYS_SEARCH_USER_PATHS = NO;
				CLANG_ANALYZER_NONNULL = YES;
				CLANG_ANALYZER_NUMBER_OBJECT_CONVERSION = YES_AGGRESSIVE;
				CLANG_CXX_LANGUAGE_STANDARD = "gnu++17";
				CLANG_ENABLE_MODULES = YES;
				CLANG_ENABLE_OBJC_ARC = YES;
				CLANG_ENABLE_OBJC_WEAK = YES;
				CLANG_WARN_BLOCK_CAPTURE_AUTORELEASING = YES;
				CLANG_WARN_BOOL_CONVERSION = YES;
				CLANG_WARN_COMMA = YES;
				CLANG_WARN_CONSTANT_CONVERSION = YES;
				CLANG_WARN_DEPRECATED_OBJC_IMPLEMENTATIONS = YES;
				CLANG_WARN_DIRECT_OBJC_ISA_USAGE = YES_ERROR;
				CLANG_WARN_DOCUMENTATION_COMMENTS = YES;
				CLANG_WARN_EMPTY_BODY = YES;
				CLANG_WARN_ENUM_CONVERSION = YES;
				CLANG_WARN_INFINITE_RECURSION = YES;
				CLANG_WARN_INT_CONVERSION = YES;
				CLANG_WARN_NON_LITERAL_NULL_CONVERSION = YES;
				CLANG_WARN_OBJC_IMPLICIT_RETAIN_SELF = YES;
				CLANG_WARN_OBJC_LITERAL_CONVERSION = YES;
				CLANG_WARN_OBJC_ROOT_CLASS = YES_ERROR;
				CLANG_WARN_QUOTED_INCLUDE_IN_FRAMEWORK_HEADER = YES;
				CLANG_WARN_RANGE_LOOP_ANALYSIS = YES;
				CLANG_WARN_STRICT_PROTOTYPES = YES;
				CLANG_WARN_SUSPICIOUS_MOVE = YES;
				CLANG_WARN_UNGUARDED_AVAILABILITY = YES_AGGRESSIVE;
				CLANG_WARN_UNREACHABLE_CODE = YES;
				CLANG_WARN__DUPLICATE_METHOD_MATCH = YES;
				COPY_PHASE_STRIP = NO;
				CURRENT_PROJECT_VERSION = 1;
				DEBUG_INFORMATION_FORMAT = dwarf;
				ENABLE_STRICT_OBJC_MSGSEND = YES;
				ENABLE_TESTABILITY = YES;
				GCC_C_LANGUAGE_STANDARD = gnu11;
				GCC_DYNAMIC_NO_PIC = NO;
				GCC_NO_COMMON_BLOCKS = YES;
				GCC_OPTIMIZATION_LEVEL = 0;
				GCC_PREPROCESSOR_DEFINITIONS = (
					"DEBUG=1",
					"$(inherited)",
				);
				GCC_WARN_64_TO_32_BIT_CONVERSION = YES;
				GCC_WARN_ABOUT_RETURN_TYPE = YES_ERROR;
				GCC_WARN_UNDECLARED_SELECTOR = YES;
				GCC_WARN_UNINITIALIZED_AUTOS = YES_AGGRESSIVE;
				GCC_WARN_UNUSED_FUNCTION = YES;
				GCC_WARN_UNUSED_VARIABLE = YES;
				IPHONEOS_DEPLOYMENT_TARGET = 15.5;
				MTL_ENABLE_DEBUG_INFO = INCLUDE_SOURCE;
				MTL_FAST_MATH = YES;
				ONLY_ACTIVE_ARCH = YES;
				SDKROOT = iphoneos;
				SWIFT_ACTIVE_COMPILATION_CONDITIONS = DEBUG;
				SWIFT_OPTIMIZATION_LEVEL = "-Onone";
				VERSIONING_SYSTEM = "apple-generic";
				VERSION_INFO_PREFIX = "";
			};
			name = Debug;
		};
		1DFFC3C8299B923200F8FD2B /* Release */ = {
			isa = XCBuildConfiguration;
			buildSettings = {
				ALWAYS_SEARCH_USER_PATHS = NO;
				CLANG_ANALYZER_NONNULL = YES;
				CLANG_ANALYZER_NUMBER_OBJECT_CONVERSION = YES_AGGRESSIVE;
				CLANG_CXX_LANGUAGE_STANDARD = "gnu++17";
				CLANG_ENABLE_MODULES = YES;
				CLANG_ENABLE_OBJC_ARC = YES;
				CLANG_ENABLE_OBJC_WEAK = YES;
				CLANG_WARN_BLOCK_CAPTURE_AUTORELEASING = YES;
				CLANG_WARN_BOOL_CONVERSION = YES;
				CLANG_WARN_COMMA = YES;
				CLANG_WARN_CONSTANT_CONVERSION = YES;
				CLANG_WARN_DEPRECATED_OBJC_IMPLEMENTATIONS = YES;
				CLANG_WARN_DIRECT_OBJC_ISA_USAGE = YES_ERROR;
				CLANG_WARN_DOCUMENTATION_COMMENTS = YES;
				CLANG_WARN_EMPTY_BODY = YES;
				CLANG_WARN_ENUM_CONVERSION = YES;
				CLANG_WARN_INFINITE_RECURSION = YES;
				CLANG_WARN_INT_CONVERSION = YES;
				CLANG_WARN_NON_LITERAL_NULL_CONVERSION = YES;
				CLANG_WARN_OBJC_IMPLICIT_RETAIN_SELF = YES;
				CLANG_WARN_OBJC_LITERAL_CONVERSION = YES;
				CLANG_WARN_OBJC_ROOT_CLASS = YES_ERROR;
				CLANG_WARN_QUOTED_INCLUDE_IN_FRAMEWORK_HEADER = YES;
				CLANG_WARN_RANGE_LOOP_ANALYSIS = YES;
				CLANG_WARN_STRICT_PROTOTYPES = YES;
				CLANG_WARN_SUSPICIOUS_MOVE = YES;
				CLANG_WARN_UNGUARDED_AVAILABILITY = YES_AGGRESSIVE;
				CLANG_WARN_UNREACHABLE_CODE = YES;
				CLANG_WARN__DUPLICATE_METHOD_MATCH = YES;
				COPY_PHASE_STRIP = NO;
				CURRENT_PROJECT_VERSION = 1;
				DEBUG_INFORMATION_FORMAT = "dwarf-with-dsym";
				ENABLE_NS_ASSERTIONS = NO;
				ENABLE_STRICT_OBJC_MSGSEND = YES;
				GCC_C_LANGUAGE_STANDARD = gnu11;
				GCC_NO_COMMON_BLOCKS = YES;
				GCC_WARN_64_TO_32_BIT_CONVERSION = YES;
				GCC_WARN_ABOUT_RETURN_TYPE = YES_ERROR;
				GCC_WARN_UNDECLARED_SELECTOR = YES;
				GCC_WARN_UNINITIALIZED_AUTOS = YES_AGGRESSIVE;
				GCC_WARN_UNUSED_FUNCTION = YES;
				GCC_WARN_UNUSED_VARIABLE = YES;
				IPHONEOS_DEPLOYMENT_TARGET = 15.5;
				MTL_ENABLE_DEBUG_INFO = NO;
				MTL_FAST_MATH = YES;
				SDKROOT = iphoneos;
				SWIFT_COMPILATION_MODE = wholemodule;
				SWIFT_OPTIMIZATION_LEVEL = "-O";
				VALIDATE_PRODUCT = YES;
				VERSIONING_SYSTEM = "apple-generic";
				VERSION_INFO_PREFIX = "";
			};
			name = Release;
		};
		1DFFC3CA299B923200F8FD2B /* Debug */ = {
			isa = XCBuildConfiguration;
			baseConfigurationReference = 22D5C25B3C6254598B655E7F /* Pods-AKHelpers.debug.xcconfig */;
			buildSettings = {
				CODE_SIGN_STYLE = Automatic;
				CURRENT_PROJECT_VERSION = 1;
				DEFINES_MODULE = YES;
				DEVELOPMENT_TEAM = S84559HK9V;
				DYLIB_COMPATIBILITY_VERSION = 1;
				DYLIB_CURRENT_VERSION = 1;
				DYLIB_INSTALL_NAME_BASE = "@rpath";
				GENERATE_INFOPLIST_FILE = YES;
				INFOPLIST_KEY_NSHumanReadableCopyright = "";
				INSTALL_PATH = "$(LOCAL_LIBRARY_DIR)/Frameworks";
				IPHONEOS_DEPLOYMENT_TARGET = 11.0;
				LD_RUNPATH_SEARCH_PATHS = (
					"$(inherited)",
					"@executable_path/Frameworks",
					"@loader_path/Frameworks",
				);
				MARKETING_VERSION = 1.0;
				PRODUCT_BUNDLE_IDENTIFIER = com.amr.koritem.AKHelpers;
				PRODUCT_NAME = "$(TARGET_NAME:c99extidentifier)";
				SKIP_INSTALL = YES;
				SWIFT_EMIT_LOC_STRINGS = YES;
				SWIFT_VERSION = 5.0;
				TARGETED_DEVICE_FAMILY = "1,2";
			};
			name = Debug;
		};
		1DFFC3CB299B923200F8FD2B /* Release */ = {
			isa = XCBuildConfiguration;
			baseConfigurationReference = 5CFF84F8A1DC76B3939105F8 /* Pods-AKHelpers.release.xcconfig */;
			buildSettings = {
				CODE_SIGN_STYLE = Automatic;
				CURRENT_PROJECT_VERSION = 1;
				DEFINES_MODULE = YES;
				DEVELOPMENT_TEAM = S84559HK9V;
				DYLIB_COMPATIBILITY_VERSION = 1;
				DYLIB_CURRENT_VERSION = 1;
				DYLIB_INSTALL_NAME_BASE = "@rpath";
				GENERATE_INFOPLIST_FILE = YES;
				INFOPLIST_KEY_NSHumanReadableCopyright = "";
				INSTALL_PATH = "$(LOCAL_LIBRARY_DIR)/Frameworks";
				IPHONEOS_DEPLOYMENT_TARGET = 11.0;
				LD_RUNPATH_SEARCH_PATHS = (
					"$(inherited)",
					"@executable_path/Frameworks",
					"@loader_path/Frameworks",
				);
				MARKETING_VERSION = 1.0;
				PRODUCT_BUNDLE_IDENTIFIER = com.amr.koritem.AKHelpers;
				PRODUCT_NAME = "$(TARGET_NAME:c99extidentifier)";
				SKIP_INSTALL = YES;
				SWIFT_EMIT_LOC_STRINGS = YES;
				SWIFT_VERSION = 5.0;
				TARGETED_DEVICE_FAMILY = "1,2";
			};
			name = Release;
		};
		1DFFC3CD299B923200F8FD2B /* Debug */ = {
			isa = XCBuildConfiguration;
			baseConfigurationReference = C3553BCCF8FD7CB7C1072F3B /* Pods-AKHelpers-AKHelpersTests.debug.xcconfig */;
			buildSettings = {
				ALWAYS_EMBED_SWIFT_STANDARD_LIBRARIES = YES;
				CODE_SIGN_STYLE = Automatic;
				CURRENT_PROJECT_VERSION = 1;
				DEVELOPMENT_TEAM = S84559HK9V;
				GENERATE_INFOPLIST_FILE = YES;
				MARKETING_VERSION = 1.0;
				PRODUCT_BUNDLE_IDENTIFIER = com.amr.koritem.AKHelpersTests;
				PRODUCT_NAME = "$(TARGET_NAME)";
				SWIFT_EMIT_LOC_STRINGS = NO;
				SWIFT_VERSION = 5.0;
				TARGETED_DEVICE_FAMILY = "1,2";
			};
			name = Debug;
		};
		1DFFC3CE299B923200F8FD2B /* Release */ = {
			isa = XCBuildConfiguration;
			baseConfigurationReference = 4C4A26C1B73B979A3175B145 /* Pods-AKHelpers-AKHelpersTests.release.xcconfig */;
			buildSettings = {
				ALWAYS_EMBED_SWIFT_STANDARD_LIBRARIES = YES;
				CODE_SIGN_STYLE = Automatic;
				CURRENT_PROJECT_VERSION = 1;
				DEVELOPMENT_TEAM = S84559HK9V;
				GENERATE_INFOPLIST_FILE = YES;
				MARKETING_VERSION = 1.0;
				PRODUCT_BUNDLE_IDENTIFIER = com.amr.koritem.AKHelpersTests;
				PRODUCT_NAME = "$(TARGET_NAME)";
				SWIFT_EMIT_LOC_STRINGS = NO;
				SWIFT_VERSION = 5.0;
				TARGETED_DEVICE_FAMILY = "1,2";
			};
			name = Release;
		};
/* End XCBuildConfiguration section */

/* Begin XCConfigurationList section */
		1DFFC3AF299B923100F8FD2B /* Build configuration list for PBXProject "AKHelpers" */ = {
			isa = XCConfigurationList;
			buildConfigurations = (
				1DFFC3C7299B923200F8FD2B /* Debug */,
				1DFFC3C8299B923200F8FD2B /* Release */,
			);
			defaultConfigurationIsVisible = 0;
			defaultConfigurationName = Release;
		};
		1DFFC3C9299B923200F8FD2B /* Build configuration list for PBXNativeTarget "AKHelpers" */ = {
			isa = XCConfigurationList;
			buildConfigurations = (
				1DFFC3CA299B923200F8FD2B /* Debug */,
				1DFFC3CB299B923200F8FD2B /* Release */,
			);
			defaultConfigurationIsVisible = 0;
			defaultConfigurationName = Release;
		};
		1DFFC3CC299B923200F8FD2B /* Build configuration list for PBXNativeTarget "AKHelpersTests" */ = {
			isa = XCConfigurationList;
			buildConfigurations = (
				1DFFC3CD299B923200F8FD2B /* Debug */,
				1DFFC3CE299B923200F8FD2B /* Release */,
			);
			defaultConfigurationIsVisible = 0;
			defaultConfigurationName = Release;
		};
/* End XCConfigurationList section */
	};
	rootObject = 1DFFC3AC299B923100F8FD2B /* Project object */;
}
